
Microsoft Visual Studio Solution File, Format Version 12.00
# Visual Studio Version 16
VisualStudioVersion = 16.0.29201.188
MinimumVisualStudioVersion = 10.0.40219.1
Project("{9A19103F-16F7-4668-BE54-9A1E7A4F7556}") = "Hyperscale.ServiceContract", "Hyperscale.ServiceContract\Hyperscale.ServiceContract.csproj", "{D9BC0CB2-DC45-4BA0-8813-CD337F9B6EB1}"
EndProject
Project("{9A19103F-16F7-4668-BE54-9A1E7A4F7556}") = "Hyperscale.Microcore.Interfaces", "Hyperscale.Microcore.Interfaces\Hyperscale.Microcore.Interfaces.csproj", "{48007678-4318-476B-A2DA-2526C2B1BDA6}"
EndProject
Project("{9A19103F-16F7-4668-BE54-9A1E7A4F7556}") = "Hyperscale.Microcore.SharedLogic", "Hyperscale.Microcore.SharedLogic\Hyperscale.Microcore.SharedLogic.csproj", "{A155C872-DEC3-4757-A417-BD6F4629781A}"
EndProject
Project("{9A19103F-16F7-4668-BE54-9A1E7A4F7556}") = "Hyperscale.Microcore.ServiceProxy", "Hyperscale.Microcore.ServiceProxy\Hyperscale.Microcore.ServiceProxy.csproj", "{CEEA6640-0985-480D-B326-35458A84E942}"
EndProject
Project("{9A19103F-16F7-4668-BE54-9A1E7A4F7556}") = "Hyperscale.Microcore.ServiceDiscovery", "Hyperscale.Microcore.ServiceDiscovery\Hyperscale.Microcore.ServiceDiscovery.csproj", "{1639B431-AE24-4A98-8150-781527A32EEC}"
EndProject
Project("{9A19103F-16F7-4668-BE54-9A1E7A4F7556}") = "Hyperscale.Microcore.Ninject.Host", "Hyperscale.Microcore.Ninject.Host\Hyperscale.Microcore.Ninject.Host.csproj", "{41955E24-E895-48DE-8BC0-EC4D88056DF0}"
EndProject
Project("{9A19103F-16F7-4668-BE54-9A1E7A4F7556}") = "Hyperscale.Microcore.Hosting", "Hyperscale.Microcore.Hosting\Hyperscale.Microcore.Hosting.csproj", "{ABCE5615-F351-482F-9CD1-5EE5EF8ED7F6}"
EndProject
Project("{9A19103F-16F7-4668-BE54-9A1E7A4F7556}") = "Hyperscale.Microcore.Configuration", "Hyperscale.Microcore.Configuration\Hyperscale.Microcore.Configuration.csproj", "{E29C2F08-296C-4E90-8947-6202E0196B06}"
EndProject
Project("{9A19103F-16F7-4668-BE54-9A1E7A4F7556}") = "Hyperscale.Microcore.Ninject", "Hyperscale.Microcore.Ninject\Hyperscale.Microcore.Ninject.csproj", "{1D9A87D3-8692-4ED8-A468-7F02D202C1C2}"
EndProject
Project("{2150E333-8FDC-42A3-9474-1A3956D46DE8}") = "Sample", "Sample", "{BFDC21CC-E686-4C71-9632-C9B09FFA13FB}"
EndProject
Project("{9A19103F-16F7-4668-BE54-9A1E7A4F7556}") = "Hyperscale.Microcore.Fakes", "Hyperscale.Microcore.Fakes\Hyperscale.Microcore.Fakes.csproj", "{0B104187-B28B-42A7-93A9-60CFBA7D06EE}"
EndProject
Project("{9A19103F-16F7-4668-BE54-9A1E7A4F7556}") = "Hyperscale.Microcore.Logging.Serilog", "Hyperscale.Microcore.Logging.Serilog\Hyperscale.Microcore.Logging.Serilog.csproj", "{9E0F18FF-75D7-444A-AE20-9A8CA2EF81DA}"
EndProject
Project("{2150E333-8FDC-42A3-9474-1A3956D46DE8}") = "Tests", "Tests", "{FD591BD7-7B5A-4D79-B472-C29B6E00BAC2}"
EndProject
Project("{2150E333-8FDC-42A3-9474-1A3956D46DE8}") = "Basic", "Basic", "{CEB2A03C-A3D1-481A-8F2C-87AC74DF431F}"
EndProject
Project("{9A19103F-16F7-4668-BE54-9A1E7A4F7556}") = "CalculatorService.Interface", "Sample\Basic\CalculatorService.Interface\CalculatorService.Interface.csproj", "{8A15E22C-3655-47CB-9A4B-9F1A6A0AA8DD}"
EndProject
Project("{9A19103F-16F7-4668-BE54-9A1E7A4F7556}") = "CalculatorService.Client", "Sample\Basic\CalculatorService.Client\CalculatorService.Client.csproj", "{7569E430-FD14-4426-B009-7B65EAE721BA}"
EndProject
Project("{9A19103F-16F7-4668-BE54-9A1E7A4F7556}") = "CalculatorService", "Sample\Basic\CalculatorService\CalculatorService.csproj", "{7A6D15B9-4DBB-4C20-9043-A3CCC55286BD}"
EndProject
Project("{2150E333-8FDC-42A3-9474-1A3956D46DE8}") = "Angular", "Angular", "{28E79C84-A416-46B5-B889-7D58DF2FB4A1}"
EndProject
Project("{9A19103F-16F7-4668-BE54-9A1E7A4F7556}") = "TimeTrackerAPI", "Sample\Angular\TimeTrackerAPI\TimeTrackerAPI.csproj", "{07F45D32-5D52-4CF7-858E-5B93A9B1489F}"
EndProject
Project("{2150E333-8FDC-42A3-9474-1A3956D46DE8}") = "Services", "Services", "{B2DA8269-666C-4D01-8FA5-B46667C2C822}"
EndProject
Project("{9A19103F-16F7-4668-BE54-9A1E7A4F7556}") = "AuthService", "Sample\Angular\Services\AuthService\AuthService.csproj", "{36BB8738-5383-47D5-A8CD-A668C20DCEA3}"
EndProject
Project("{9A19103F-16F7-4668-BE54-9A1E7A4F7556}") = "ReportService", "Sample\Angular\Services\ReportService\ReportService.csproj", "{704AEFF5-2B31-42A3-B637-7E8751A32C11}"
EndProject
Project("{9A19103F-16F7-4668-BE54-9A1E7A4F7556}") = "AuthService.Interface", "Sample\Angular\Services\AuthService.Interface\AuthService.Interface.csproj", "{C81D574B-AA08-4978-BB93-852285011B56}"
EndProject
Project("{9A19103F-16F7-4668-BE54-9A1E7A4F7556}") = "ReportService.Interface", "Sample\Angular\Services\ReportService.Interface\ReportService.Interface.csproj", "{E204889B-A9D2-49CC-95F4-E0D5836AC97C}"
EndProject
Project("{2150E333-8FDC-42A3-9474-1A3956D46DE8}") = "Framework", "Framework", "{6552476C-0A4D-443E-99F7-B802FDAD3979}"
EndProject
Global
	GlobalSection(SolutionConfigurationPlatforms) = preSolution
		Debug|Any CPU = Debug|Any CPU
		Release|Any CPU = Release|Any CPU
	EndGlobalSection
	GlobalSection(ProjectConfigurationPlatforms) = postSolution
		{D9BC0CB2-DC45-4BA0-8813-CD337F9B6EB1}.Debug|Any CPU.ActiveCfg = Debug|Any CPU
		{D9BC0CB2-DC45-4BA0-8813-CD337F9B6EB1}.Debug|Any CPU.Build.0 = Debug|Any CPU
		{D9BC0CB2-DC45-4BA0-8813-CD337F9B6EB1}.Release|Any CPU.ActiveCfg = Release|Any CPU
		{D9BC0CB2-DC45-4BA0-8813-CD337F9B6EB1}.Release|Any CPU.Build.0 = Release|Any CPU
		{48007678-4318-476B-A2DA-2526C2B1BDA6}.Debug|Any CPU.ActiveCfg = Debug|Any CPU
		{48007678-4318-476B-A2DA-2526C2B1BDA6}.Debug|Any CPU.Build.0 = Debug|Any CPU
		{48007678-4318-476B-A2DA-2526C2B1BDA6}.Release|Any CPU.ActiveCfg = Release|Any CPU
		{48007678-4318-476B-A2DA-2526C2B1BDA6}.Release|Any CPU.Build.0 = Release|Any CPU
		{A155C872-DEC3-4757-A417-BD6F4629781A}.Debug|Any CPU.ActiveCfg = Debug|Any CPU
		{A155C872-DEC3-4757-A417-BD6F4629781A}.Debug|Any CPU.Build.0 = Debug|Any CPU
		{A155C872-DEC3-4757-A417-BD6F4629781A}.Release|Any CPU.ActiveCfg = Release|Any CPU
		{A155C872-DEC3-4757-A417-BD6F4629781A}.Release|Any CPU.Build.0 = Release|Any CPU
		{CEEA6640-0985-480D-B326-35458A84E942}.Debug|Any CPU.ActiveCfg = Debug|Any CPU
		{CEEA6640-0985-480D-B326-35458A84E942}.Debug|Any CPU.Build.0 = Debug|Any CPU
		{CEEA6640-0985-480D-B326-35458A84E942}.Release|Any CPU.ActiveCfg = Release|Any CPU
		{CEEA6640-0985-480D-B326-35458A84E942}.Release|Any CPU.Build.0 = Release|Any CPU
		{1639B431-AE24-4A98-8150-781527A32EEC}.Debug|Any CPU.ActiveCfg = Debug|Any CPU
		{1639B431-AE24-4A98-8150-781527A32EEC}.Debug|Any CPU.Build.0 = Debug|Any CPU
		{1639B431-AE24-4A98-8150-781527A32EEC}.Release|Any CPU.ActiveCfg = Release|Any CPU
		{1639B431-AE24-4A98-8150-781527A32EEC}.Release|Any CPU.Build.0 = Release|Any CPU
		{41955E24-E895-48DE-8BC0-EC4D88056DF0}.Debug|Any CPU.ActiveCfg = Debug|Any CPU
		{41955E24-E895-48DE-8BC0-EC4D88056DF0}.Debug|Any CPU.Build.0 = Debug|Any CPU
		{41955E24-E895-48DE-8BC0-EC4D88056DF0}.Release|Any CPU.ActiveCfg = Release|Any CPU
		{41955E24-E895-48DE-8BC0-EC4D88056DF0}.Release|Any CPU.Build.0 = Release|Any CPU
		{ABCE5615-F351-482F-9CD1-5EE5EF8ED7F6}.Debug|Any CPU.ActiveCfg = Debug|Any CPU
		{ABCE5615-F351-482F-9CD1-5EE5EF8ED7F6}.Debug|Any CPU.Build.0 = Debug|Any CPU
		{ABCE5615-F351-482F-9CD1-5EE5EF8ED7F6}.Release|Any CPU.ActiveCfg = Release|Any CPU
		{ABCE5615-F351-482F-9CD1-5EE5EF8ED7F6}.Release|Any CPU.Build.0 = Release|Any CPU
		{E29C2F08-296C-4E90-8947-6202E0196B06}.Debug|Any CPU.ActiveCfg = Debug|Any CPU
		{E29C2F08-296C-4E90-8947-6202E0196B06}.Debug|Any CPU.Build.0 = Debug|Any CPU
		{E29C2F08-296C-4E90-8947-6202E0196B06}.Release|Any CPU.ActiveCfg = Release|Any CPU
		{E29C2F08-296C-4E90-8947-6202E0196B06}.Release|Any CPU.Build.0 = Release|Any CPU
		{1D9A87D3-8692-4ED8-A468-7F02D202C1C2}.Debug|Any CPU.ActiveCfg = Debug|Any CPU
		{1D9A87D3-8692-4ED8-A468-7F02D202C1C2}.Debug|Any CPU.Build.0 = Debug|Any CPU
		{1D9A87D3-8692-4ED8-A468-7F02D202C1C2}.Release|Any CPU.ActiveCfg = Release|Any CPU
		{1D9A87D3-8692-4ED8-A468-7F02D202C1C2}.Release|Any CPU.Build.0 = Release|Any CPU
		{0B104187-B28B-42A7-93A9-60CFBA7D06EE}.Debug|Any CPU.ActiveCfg = Debug|Any CPU
		{0B104187-B28B-42A7-93A9-60CFBA7D06EE}.Debug|Any CPU.Build.0 = Debug|Any CPU
		{0B104187-B28B-42A7-93A9-60CFBA7D06EE}.Release|Any CPU.ActiveCfg = Release|Any CPU
		{0B104187-B28B-42A7-93A9-60CFBA7D06EE}.Release|Any CPU.Build.0 = Release|Any CPU
		{9E0F18FF-75D7-444A-AE20-9A8CA2EF81DA}.Debug|Any CPU.ActiveCfg = Debug|Any CPU
		{9E0F18FF-75D7-444A-AE20-9A8CA2EF81DA}.Debug|Any CPU.Build.0 = Debug|Any CPU
		{9E0F18FF-75D7-444A-AE20-9A8CA2EF81DA}.Release|Any CPU.ActiveCfg = Release|Any CPU
		{9E0F18FF-75D7-444A-AE20-9A8CA2EF81DA}.Release|Any CPU.Build.0 = Release|Any CPU
		{8A15E22C-3655-47CB-9A4B-9F1A6A0AA8DD}.Debug|Any CPU.ActiveCfg = Debug|Any CPU
		{8A15E22C-3655-47CB-9A4B-9F1A6A0AA8DD}.Debug|Any CPU.Build.0 = Debug|Any CPU
		{8A15E22C-3655-47CB-9A4B-9F1A6A0AA8DD}.Release|Any CPU.ActiveCfg = Release|Any CPU
		{8A15E22C-3655-47CB-9A4B-9F1A6A0AA8DD}.Release|Any CPU.Build.0 = Release|Any CPU
		{7569E430-FD14-4426-B009-7B65EAE721BA}.Debug|Any CPU.ActiveCfg = Debug|Any CPU
		{7569E430-FD14-4426-B009-7B65EAE721BA}.Debug|Any CPU.Build.0 = Debug|Any CPU
		{7569E430-FD14-4426-B009-7B65EAE721BA}.Release|Any CPU.ActiveCfg = Release|Any CPU
		{7569E430-FD14-4426-B009-7B65EAE721BA}.Release|Any CPU.Build.0 = Release|Any CPU
		{7A6D15B9-4DBB-4C20-9043-A3CCC55286BD}.Debug|Any CPU.ActiveCfg = Debug|Any CPU
		{7A6D15B9-4DBB-4C20-9043-A3CCC55286BD}.Debug|Any CPU.Build.0 = Debug|Any CPU
		{7A6D15B9-4DBB-4C20-9043-A3CCC55286BD}.Release|Any CPU.ActiveCfg = Release|Any CPU
		{7A6D15B9-4DBB-4C20-9043-A3CCC55286BD}.Release|Any CPU.Build.0 = Release|Any CPU
		{07F45D32-5D52-4CF7-858E-5B93A9B1489F}.Debug|Any CPU.ActiveCfg = Debug|Any CPU
		{07F45D32-5D52-4CF7-858E-5B93A9B1489F}.Debug|Any CPU.Build.0 = Debug|Any CPU
		{07F45D32-5D52-4CF7-858E-5B93A9B1489F}.Release|Any CPU.ActiveCfg = Release|Any CPU
		{07F45D32-5D52-4CF7-858E-5B93A9B1489F}.Release|Any CPU.Build.0 = Release|Any CPU
		{36BB8738-5383-47D5-A8CD-A668C20DCEA3}.Debug|Any CPU.ActiveCfg = Debug|Any CPU
		{36BB8738-5383-47D5-A8CD-A668C20DCEA3}.Debug|Any CPU.Build.0 = Debug|Any CPU
		{36BB8738-5383-47D5-A8CD-A668C20DCEA3}.Release|Any CPU.ActiveCfg = Release|Any CPU
		{36BB8738-5383-47D5-A8CD-A668C20DCEA3}.Release|Any CPU.Build.0 = Release|Any CPU
		{704AEFF5-2B31-42A3-B637-7E8751A32C11}.Debug|Any CPU.ActiveCfg = Debug|Any CPU
		{704AEFF5-2B31-42A3-B637-7E8751A32C11}.Debug|Any CPU.Build.0 = Debug|Any CPU
		{704AEFF5-2B31-42A3-B637-7E8751A32C11}.Release|Any CPU.ActiveCfg = Release|Any CPU
		{704AEFF5-2B31-42A3-B637-7E8751A32C11}.Release|Any CPU.Build.0 = Release|Any CPU
		{C81D574B-AA08-4978-BB93-852285011B56}.Debug|Any CPU.ActiveCfg = Debug|Any CPU
		{C81D574B-AA08-4978-BB93-852285011B56}.Debug|Any CPU.Build.0 = Debug|Any CPU
		{C81D574B-AA08-4978-BB93-852285011B56}.Release|Any CPU.ActiveCfg = Release|Any CPU
		{C81D574B-AA08-4978-BB93-852285011B56}.Release|Any CPU.Build.0 = Release|Any CPU
		{E204889B-A9D2-49CC-95F4-E0D5836AC97C}.Debug|Any CPU.ActiveCfg = Debug|Any CPU
		{E204889B-A9D2-49CC-95F4-E0D5836AC97C}.Debug|Any CPU.Build.0 = Debug|Any CPU
		{E204889B-A9D2-49CC-95F4-E0D5836AC97C}.Release|Any CPU.ActiveCfg = Release|Any CPU
		{E204889B-A9D2-49CC-95F4-E0D5836AC97C}.Release|Any CPU.Build.0 = Release|Any CPU
	EndGlobalSection
	GlobalSection(SolutionProperties) = preSolution
		HideSolutionNode = FALSE
	EndGlobalSection
	GlobalSection(NestedProjects) = preSolution
		{D9BC0CB2-DC45-4BA0-8813-CD337F9B6EB1} = {6552476C-0A4D-443E-99F7-B802FDAD3979}
		{48007678-4318-476B-A2DA-2526C2B1BDA6} = {6552476C-0A4D-443E-99F7-B802FDAD3979}
		{A155C872-DEC3-4757-A417-BD6F4629781A} = {6552476C-0A4D-443E-99F7-B802FDAD3979}
		{CEEA6640-0985-480D-B326-35458A84E942} = {6552476C-0A4D-443E-99F7-B802FDAD3979}
		{1639B431-AE24-4A98-8150-781527A32EEC} = {6552476C-0A4D-443E-99F7-B802FDAD3979}
		{41955E24-E895-48DE-8BC0-EC4D88056DF0} = {6552476C-0A4D-443E-99F7-B802FDAD3979}
		{ABCE5615-F351-482F-9CD1-5EE5EF8ED7F6} = {6552476C-0A4D-443E-99F7-B802FDAD3979}
		{E29C2F08-296C-4E90-8947-6202E0196B06} = {6552476C-0A4D-443E-99F7-B802FDAD3979}
		{1D9A87D3-8692-4ED8-A468-7F02D202C1C2} = {6552476C-0A4D-443E-99F7-B802FDAD3979}
		{0B104187-B28B-42A7-93A9-60CFBA7D06EE} = {FD591BD7-7B5A-4D79-B472-C29B6E00BAC2}
		{9E0F18FF-75D7-444A-AE20-9A8CA2EF81DA} = {6552476C-0A4D-443E-99F7-B802FDAD3979}
		{FD591BD7-7B5A-4D79-B472-C29B6E00BAC2} = {6552476C-0A4D-443E-99F7-B802FDAD3979}
		{CEB2A03C-A3D1-481A-8F2C-87AC74DF431F} = {BFDC21CC-E686-4C71-9632-C9B09FFA13FB}
		{8A15E22C-3655-47CB-9A4B-9F1A6A0AA8DD} = {CEB2A03C-A3D1-481A-8F2C-87AC74DF431F}
		{7569E430-FD14-4426-B009-7B65EAE721BA} = {CEB2A03C-A3D1-481A-8F2C-87AC74DF431F}
		{7A6D15B9-4DBB-4C20-9043-A3CCC55286BD} = {CEB2A03C-A3D1-481A-8F2C-87AC74DF431F}
		{28E79C84-A416-46B5-B889-7D58DF2FB4A1} = {BFDC21CC-E686-4C71-9632-C9B09FFA13FB}
		{07F45D32-5D52-4CF7-858E-5B93A9B1489F} = {28E79C84-A416-46B5-B889-7D58DF2FB4A1}
		{B2DA8269-666C-4D01-8FA5-B46667C2C822} = {28E79C84-A416-46B5-B889-7D58DF2FB4A1}
		{36BB8738-5383-47D5-A8CD-A668C20DCEA3} = {B2DA8269-666C-4D01-8FA5-B46667C2C822}
		{704AEFF5-2B31-42A3-B637-7E8751A32C11} = {B2DA8269-666C-4D01-8FA5-B46667C2C822}
		{C81D574B-AA08-4978-BB93-852285011B56} = {B2DA8269-666C-4D01-8FA5-B46667C2C822}
		{E204889B-A9D2-49CC-95F4-E0D5836AC97C} = {B2DA8269-666C-4D01-8FA5-B46667C2C822}
	EndGlobalSection
	GlobalSection(ExtensibilityGlobals) = postSolution
		SolutionGuid = {B5F0727A-B256-46E4-97CA-022B13432F54}
	EndGlobalSection
EndGlobal
